
Microsoft Visual Studio Solution File, Format Version 12.00
# Visual Studio Version 16
VisualStudioVersion = 16.0.31613.86
MinimumVisualStudioVersion = 10.0.40219.1
Project("{FAE04EC0-301F-11D3-BF4B-00C04F79EFBC}") = "OOPLAB2", "OOPLAB2\OOPLAB2.csproj", "{E2988368-4320-4715-A81A-47407C90E080}"
EndProject
Global
	GlobalSection(SolutionConfigurationPlatforms) = preSolution
		Debug|Any CPU = Debug|Any CPU
		Release|Any CPU = Release|Any CPU
	EndGlobalSection
	GlobalSection(ProjectConfigurationPlatforms) = postSolution
		{E2988368-4320-4715-A81A-47407C90E080}.Debug|Any CPU.ActiveCfg = Debug|Any CPU
		{E2988368-4320-4715-A81A-47407C90E080}.Debug|Any CPU.Build.0 = Debug|Any CPU
		{E2988368-4320-4715-A81A-47407C90E080}.Release|Any CPU.ActiveCfg = Release|Any CPU
		{E2988368-4320-4715-A81A-47407C90E080}.Release|Any CPU.Build.0 = Release|Any CPU
	EndGlobalSection
	GlobalSection(SolutionProperties) = preSolution
		HideSolutionNode = FALSE
	EndGlobalSection
	GlobalSection(ExtensibilityGlobals) = postSolution
		SolutionGuid = {E171A5AB-F83B-4E4B-BB38-53769914A324}
	EndGlobalSection
EndGlobal
